
Microsoft Visual Studio Solution File, Format Version 12.00
# Visual Studio Version 17
VisualStudioVersion = 17.4.33103.184
MinimumVisualStudioVersion = 10.0.40219.1
Project("{2150E333-8FDC-42A3-9474-1A3956D46DE8}") = "API", "API", "{C50F6C85-EEC6-4AE6-9A76-392AE211396E}"
EndProject
Project("{FAE04EC0-301F-11D3-BF4B-00C04F79EFBC}") = "ONIS.API.Catalog", "ONIS.API.Catalog\ONIS.API.Catalog.csproj", "{C3916F63-2F96-47A3-A9BB-CEA273854091}"
EndProject
Project("{2150E333-8FDC-42A3-9474-1A3956D46DE8}") = "Bussines", "Bussines", "{D3978DB8-FEB5-4107-ADF7-167650D61BD8}"
EndProject
Project("{FAE04EC0-301F-11D3-BF4B-00C04F79EFBC}") = "ONIS.Bussines.Catalog", "ONIS.Bussines.Catalog\ONIS.Bussines.Catalog.csproj", "{8A37F304-6CC1-4755-8638-015991AEB36E}"
EndProject
Project("{2150E333-8FDC-42A3-9474-1A3956D46DE8}") = "Data", "Data", "{3A7F0160-4680-4ACA-AF79-5D49BE4E934F}"
EndProject
Project("{FAE04EC0-301F-11D3-BF4B-00C04F79EFBC}") = "ONIS.Data.Catalog", "ONIS.Data.Catalog\ONIS.Data.Catalog.csproj", "{5EA18202-A732-4EAB-A5E8-6387D74C98F7}"
EndProject
Project("{2150E333-8FDC-42A3-9474-1A3956D46DE8}") = "Shared", "Shared", "{2FC028E1-2554-48B9-918F-DE7388B7C443}"
EndProject
Project("{FAE04EC0-301F-11D3-BF4B-00C04F79EFBC}") = "ONIS.Shared.ErrorHandlers", "ONIS.Shared.ErrorHandlers\ONIS.Shared.ErrorHandlers.csproj", "{34A29CAD-BCCB-47EF-900A-DAC4F440DE37}"
EndProject
Project("{FAE04EC0-301F-11D3-BF4B-00C04F79EFBC}") = "ONIS.Shared.Logger", "ONIS.Shared.Logger\ONIS.Shared.Logger.csproj", "{90E99B3D-4629-4941-A19C-FE08BD39D4A7}"
EndProject
Global
	GlobalSection(SolutionConfigurationPlatforms) = preSolution
		Debug|Any CPU = Debug|Any CPU
		Release|Any CPU = Release|Any CPU
	EndGlobalSection
	GlobalSection(ProjectConfigurationPlatforms) = postSolution
		{C3916F63-2F96-47A3-A9BB-CEA273854091}.Debug|Any CPU.ActiveCfg = Debug|Any CPU
		{C3916F63-2F96-47A3-A9BB-CEA273854091}.Debug|Any CPU.Build.0 = Debug|Any CPU
		{C3916F63-2F96-47A3-A9BB-CEA273854091}.Release|Any CPU.ActiveCfg = Release|Any CPU
		{C3916F63-2F96-47A3-A9BB-CEA273854091}.Release|Any CPU.Build.0 = Release|Any CPU
		{8A37F304-6CC1-4755-8638-015991AEB36E}.Debug|Any CPU.ActiveCfg = Debug|Any CPU
		{8A37F304-6CC1-4755-8638-015991AEB36E}.Debug|Any CPU.Build.0 = Debug|Any CPU
		{8A37F304-6CC1-4755-8638-015991AEB36E}.Release|Any CPU.ActiveCfg = Release|Any CPU
		{8A37F304-6CC1-4755-8638-015991AEB36E}.Release|Any CPU.Build.0 = Release|Any CPU
		{5EA18202-A732-4EAB-A5E8-6387D74C98F7}.Debug|Any CPU.ActiveCfg = Debug|Any CPU
		{5EA18202-A732-4EAB-A5E8-6387D74C98F7}.Debug|Any CPU.Build.0 = Debug|Any CPU
		{5EA18202-A732-4EAB-A5E8-6387D74C98F7}.Release|Any CPU.ActiveCfg = Release|Any CPU
		{5EA18202-A732-4EAB-A5E8-6387D74C98F7}.Release|Any CPU.Build.0 = Release|Any CPU
		{34A29CAD-BCCB-47EF-900A-DAC4F440DE37}.Debug|Any CPU.ActiveCfg = Debug|Any CPU
		{34A29CAD-BCCB-47EF-900A-DAC4F440DE37}.Debug|Any CPU.Build.0 = Debug|Any CPU
		{34A29CAD-BCCB-47EF-900A-DAC4F440DE37}.Release|Any CPU.ActiveCfg = Release|Any CPU
		{34A29CAD-BCCB-47EF-900A-DAC4F440DE37}.Release|Any CPU.Build.0 = Release|Any CPU
		{90E99B3D-4629-4941-A19C-FE08BD39D4A7}.Debug|Any CPU.ActiveCfg = Debug|Any CPU
		{90E99B3D-4629-4941-A19C-FE08BD39D4A7}.Debug|Any CPU.Build.0 = Debug|Any CPU
		{90E99B3D-4629-4941-A19C-FE08BD39D4A7}.Release|Any CPU.ActiveCfg = Release|Any CPU
		{90E99B3D-4629-4941-A19C-FE08BD39D4A7}.Release|Any CPU.Build.0 = Release|Any CPU
	EndGlobalSection
	GlobalSection(SolutionProperties) = preSolution
		HideSolutionNode = FALSE
	EndGlobalSection
	GlobalSection(NestedProjects) = preSolution
		{C3916F63-2F96-47A3-A9BB-CEA273854091} = {C50F6C85-EEC6-4AE6-9A76-392AE211396E}
		{8A37F304-6CC1-4755-8638-015991AEB36E} = {D3978DB8-FEB5-4107-ADF7-167650D61BD8}
		{5EA18202-A732-4EAB-A5E8-6387D74C98F7} = {3A7F0160-4680-4ACA-AF79-5D49BE4E934F}
		{34A29CAD-BCCB-47EF-900A-DAC4F440DE37} = {2FC028E1-2554-48B9-918F-DE7388B7C443}
		{90E99B3D-4629-4941-A19C-FE08BD39D4A7} = {2FC028E1-2554-48B9-918F-DE7388B7C443}
	EndGlobalSection
	GlobalSection(ExtensibilityGlobals) = postSolution
		SolutionGuid = {A4C627E2-61D6-48C9-B446-FFA732BB720B}
	EndGlobalSection
EndGlobal
